
Microsoft Visual Studio Solution File, Format Version 12.00
# Visual Studio Version 17
VisualStudioVersion = 17.0.31919.166
MinimumVisualStudioVersion = 10.0.40219.1
Project("{FAE04EC0-301F-11D3-BF4B-00C04F79EFBC}") = "lab2 - 16.03", "lab2 - 16.03.csproj", "{AD509AA6-3ADE-4A54-B620-C452C7320FE9}"
EndProject
Global
	GlobalSection(SolutionConfigurationPlatforms) = preSolution
		Debug|Any CPU = Debug|Any CPU
		Release|Any CPU = Release|Any CPU
	EndGlobalSection
	GlobalSection(ProjectConfigurationPlatforms) = postSolution
		{AD509AA6-3ADE-4A54-B620-C452C7320FE9}.Debug|Any CPU.ActiveCfg = Debug|Any CPU
		{AD509AA6-3ADE-4A54-B620-C452C7320FE9}.Debug|Any CPU.Build.0 = Debug|Any CPU
		{AD509AA6-3ADE-4A54-B620-C452C7320FE9}.Release|Any CPU.ActiveCfg = Release|Any CPU
		{AD509AA6-3ADE-4A54-B620-C452C7320FE9}.Release|Any CPU.Build.0 = Release|Any CPU
	EndGlobalSection
	GlobalSection(SolutionProperties) = preSolution
		HideSolutionNode = FALSE
	EndGlobalSection
	GlobalSection(ExtensibilityGlobals) = postSolution
		SolutionGuid = {C2EB2B7F-41CC-4241-9044-EE13D24A3D71}
	EndGlobalSection
EndGlobal
